
Microsoft Visual Studio Solution File, Format Version 12.00
# Visual Studio Version 16
VisualStudioVersion = 16.0.31424.327
MinimumVisualStudioVersion = 10.0.40219.1
Project("{FAE04EC0-301F-11D3-BF4B-00C04F79EFBC}") = "NovelReader.API", "NovelReader.API\NovelReader.API.csproj", "{B4266EED-93EA-4515-A371-6F5D2D33A289}"
EndProject
Project("{9A19103F-16F7-4668-BE54-9A1E7A4F7556}") = "NovelReader.ApplicationService", "NovelReader.ApplicationService\NovelReader.ApplicationService.csproj", "{0E006924-DF2A-40BA-BA84-47E3EDE037D5}"
EndProject
Project("{FAE04EC0-301F-11D3-BF4B-00C04F79EFBC}") = "NovelReader.Tests", "NovelReader.Tests\NovelReader.Tests.csproj", "{979439B5-C0B7-412F-932E-A8F749194D9A}"
EndProject
Global
	GlobalSection(SolutionConfigurationPlatforms) = preSolution
		Debug|Any CPU = Debug|Any CPU
		Release|Any CPU = Release|Any CPU
	EndGlobalSection
	GlobalSection(ProjectConfigurationPlatforms) = postSolution
		{B4266EED-93EA-4515-A371-6F5D2D33A289}.Debug|Any CPU.ActiveCfg = Debug|Any CPU
		{B4266EED-93EA-4515-A371-6F5D2D33A289}.Debug|Any CPU.Build.0 = Debug|Any CPU
		{B4266EED-93EA-4515-A371-6F5D2D33A289}.Release|Any CPU.ActiveCfg = Release|Any CPU
		{B4266EED-93EA-4515-A371-6F5D2D33A289}.Release|Any CPU.Build.0 = Release|Any CPU
		{0E006924-DF2A-40BA-BA84-47E3EDE037D5}.Debug|Any CPU.ActiveCfg = Debug|Any CPU
		{0E006924-DF2A-40BA-BA84-47E3EDE037D5}.Debug|Any CPU.Build.0 = Debug|Any CPU
		{0E006924-DF2A-40BA-BA84-47E3EDE037D5}.Release|Any CPU.ActiveCfg = Release|Any CPU
		{0E006924-DF2A-40BA-BA84-47E3EDE037D5}.Release|Any CPU.Build.0 = Release|Any CPU
		{979439B5-C0B7-412F-932E-A8F749194D9A}.Debug|Any CPU.ActiveCfg = Debug|Any CPU
		{979439B5-C0B7-412F-932E-A8F749194D9A}.Debug|Any CPU.Build.0 = Debug|Any CPU
		{979439B5-C0B7-412F-932E-A8F749194D9A}.Release|Any CPU.ActiveCfg = Release|Any CPU
		{979439B5-C0B7-412F-932E-A8F749194D9A}.Release|Any CPU.Build.0 = Release|Any CPU
	EndGlobalSection
	GlobalSection(SolutionProperties) = preSolution
		HideSolutionNode = FALSE
	EndGlobalSection
	GlobalSection(ExtensibilityGlobals) = postSolution
		SolutionGuid = {B26847BA-18F7-4ADC-925D-3EE4DDD543E5}
	EndGlobalSection
EndGlobal
